// !$*UTF8*$!
{
	archiveVersion = 1;
	classes = {
	};
	objectVersion = 51;
	objects = {

/* Begin PBXBuildFile section */
		699B5B8CC10C909DF8937D49 /* Pods_PhotosApp.framework in Frameworks */ = {isa = PBXBuildFile; fileRef = 88BCADF7D93E2259CFAA8FC9 /* Pods_PhotosApp.framework */; };
		97E440DB1844761216C232BA /* Pods_PhotosAppTests.framework in Frameworks */ = {isa = PBXBuildFile; fileRef = 1C42416032307705E477EF7A /* Pods_PhotosAppTests.framework */; };
		C209CA4B2766813500E3C690 /* DetailsViewController.swift in Sources */ = {isa = PBXBuildFile; fileRef = C209CA4A2766813500E3C690 /* DetailsViewController.swift */; };
		C209CA4E27669CCB00E3C690 /* DetailsViewModel.swift in Sources */ = {isa = PBXBuildFile; fileRef = C209CA4D27669CCB00E3C690 /* DetailsViewModel.swift */; };
		C209CA5027669D6C00E3C690 /* DetailsViewModelContract.swift in Sources */ = {isa = PBXBuildFile; fileRef = C209CA4F27669D6C00E3C690 /* DetailsViewModelContract.swift */; };
		C209CA522766A80C00E3C690 /* PaginationContract.swift in Sources */ = {isa = PBXBuildFile; fileRef = C209CA512766A80C00E3C690 /* PaginationContract.swift */; };
		C2191B352763E57500E4A04A /* AppDelegate.swift in Sources */ = {isa = PBXBuildFile; fileRef = C2191B342763E57500E4A04A /* AppDelegate.swift */; };
		C2191B372763E57500E4A04A /* SceneDelegate.swift in Sources */ = {isa = PBXBuildFile; fileRef = C2191B362763E57500E4A04A /* SceneDelegate.swift */; };
		C2191B392763E57500E4A04A /* PhotosViewController.swift in Sources */ = {isa = PBXBuildFile; fileRef = C2191B382763E57500E4A04A /* PhotosViewController.swift */; };
		C2191B3C2763E57500E4A04A /* Main.storyboard in Resources */ = {isa = PBXBuildFile; fileRef = C2191B3A2763E57500E4A04A /* Main.storyboard */; };
		C2191B3F2763E57500E4A04A /* PhotosApp.xcdatamodeld in Sources */ = {isa = PBXBuildFile; fileRef = C2191B3D2763E57500E4A04A /* PhotosApp.xcdatamodeld */; };
		C2191B412763E57600E4A04A /* Assets.xcassets in Resources */ = {isa = PBXBuildFile; fileRef = C2191B402763E57600E4A04A /* Assets.xcassets */; };
		C2191B442763E57600E4A04A /* LaunchScreen.storyboard in Resources */ = {isa = PBXBuildFile; fileRef = C2191B422763E57600E4A04A /* LaunchScreen.storyboard */; };
		C2191B4F2763E57600E4A04A /* PhotosAppTests.swift in Sources */ = {isa = PBXBuildFile; fileRef = C2191B4E2763E57600E4A04A /* PhotosAppTests.swift */; };
		C2191B672764009500E4A04A /* User.swift in Sources */ = {isa = PBXBuildFile; fileRef = C2191B662764009500E4A04A /* User.swift */; };
		C2191B69276401A900E4A04A /* UsersLocalDataSource.swift in Sources */ = {isa = PBXBuildFile; fileRef = C2191B68276401A900E4A04A /* UsersLocalDataSource.swift */; };
		C2191B6B2764063300E4A04A /* Constants.swift in Sources */ = {isa = PBXBuildFile; fileRef = C2191B6A2764063300E4A04A /* Constants.swift */; };
		C2191B6E27641CDC00E4A04A /* RegisterViewController.swift in Sources */ = {isa = PBXBuildFile; fileRef = C2191B6D27641CDC00E4A04A /* RegisterViewController.swift */; };
		C2191B7127641D3E00E4A04A /* RegisterViewModel.swift in Sources */ = {isa = PBXBuildFile; fileRef = C2191B7027641D3E00E4A04A /* RegisterViewModel.swift */; };
		C2191B76276420B500E4A04A /* BaseViewController.swift in Sources */ = {isa = PBXBuildFile; fileRef = C2191B75276420B500E4A04A /* BaseViewController.swift */; };
		C2191B78276423CF00E4A04A /* RegisterViewModelContract.swift in Sources */ = {isa = PBXBuildFile; fileRef = C2191B77276423CF00E4A04A /* RegisterViewModelContract.swift */; };
		C2191B7A276423FE00E4A04A /* BaseViewModelContract.swift in Sources */ = {isa = PBXBuildFile; fileRef = C2191B79276423FE00E4A04A /* BaseViewModelContract.swift */; };
		C2191B7C2764340300E4A04A /* Utils.swift in Sources */ = {isa = PBXBuildFile; fileRef = C2191B7B2764340300E4A04A /* Utils.swift */; };
		C2191B802764449800E4A04A /* LoginViewController.swift in Sources */ = {isa = PBXBuildFile; fileRef = C2191B7F2764449800E4A04A /* LoginViewController.swift */; };
		C2191B82276444B500E4A04A /* LoginViewModel.swift in Sources */ = {isa = PBXBuildFile; fileRef = C2191B81276444B500E4A04A /* LoginViewModel.swift */; };
		C2191B842764477800E4A04A /* LoginViewModelContract.swift in Sources */ = {isa = PBXBuildFile; fileRef = C2191B832764477800E4A04A /* LoginViewModelContract.swift */; };
		C2191B862764514E00E4A04A /* LocalUserDefault.swift in Sources */ = {isa = PBXBuildFile; fileRef = C2191B852764514E00E4A04A /* LocalUserDefault.swift */; };
		C2191B882764551D00E4A04A /* PhoneNumberVCDelegate.swift in Sources */ = {isa = PBXBuildFile; fileRef = C2191B872764551D00E4A04A /* PhoneNumberVCDelegate.swift */; };
		C22F1D602764C4CC00B988C6 /* ApplicationNetworking.swift in Sources */ = {isa = PBXBuildFile; fileRef = C22F1D5C2764C4CC00B988C6 /* ApplicationNetworking.swift */; };
		C22F1D612764C4CC00B988C6 /* BaseAPI.swift in Sources */ = {isa = PBXBuildFile; fileRef = C22F1D5D2764C4CC00B988C6 /* BaseAPI.swift */; };
		C22F1D622764C4CC00B988C6 /* PhotosAPI.swift in Sources */ = {isa = PBXBuildFile; fileRef = C22F1D5E2764C4CC00B988C6 /* PhotosAPI.swift */; };
		C22F1D632764C4CC00B988C6 /* TargetType.swift in Sources */ = {isa = PBXBuildFile; fileRef = C22F1D5F2764C4CC00B988C6 /* TargetType.swift */; };
		C22F1D652764CB4F00B988C6 /* PhotosAPIContract.swift in Sources */ = {isa = PBXBuildFile; fileRef = C22F1D642764CB4F00B988C6 /* PhotosAPIContract.swift */; };
		C22F1D672764CC0D00B988C6 /* PhotoModelElement.swift in Sources */ = {isa = PBXBuildFile; fileRef = C22F1D662764CC0D00B988C6 /* PhotoModelElement.swift */; };
		C22F1D6D2764D7D400B988C6 /* PhotosViewModel.swift in Sources */ = {isa = PBXBuildFile; fileRef = C22F1D6C2764D7D400B988C6 /* PhotosViewModel.swift */; };
		C22F1D702764D8A900B988C6 /* PhotoTableViewCell.swift in Sources */ = {isa = PBXBuildFile; fileRef = C22F1D6E2764D8A900B988C6 /* PhotoTableViewCell.swift */; };
		C22F1D712764D8A900B988C6 /* PhotoTableViewCell.xib in Resources */ = {isa = PBXBuildFile; fileRef = C22F1D6F2764D8A900B988C6 /* PhotoTableViewCell.xib */; };
		C22F1D742764DEDD00B988C6 /* PhotosViewModelContract.swift in Sources */ = {isa = PBXBuildFile; fileRef = C22F1D732764DEDD00B988C6 /* PhotosViewModelContract.swift */; };
		C22F1D7727655F5F00B988C6 /* PhotosLocalDataSource.swift in Sources */ = {isa = PBXBuildFile; fileRef = C22F1D7627655F5F00B988C6 /* PhotosLocalDataSource.swift */; };
		C22F1D792765638A00B988C6 /* PhotosRepository.swift in Sources */ = {isa = PBXBuildFile; fileRef = C22F1D782765638A00B988C6 /* PhotosRepository.swift */; };
		C22F1D7B27657F9200B988C6 /* PhotosRepositoryContract.swift in Sources */ = {isa = PBXBuildFile; fileRef = C22F1D7A27657F9200B988C6 /* PhotosRepositoryContract.swift */; };
/* End PBXBuildFile section */

/* Begin PBXContainerItemProxy section */
		C2191B4B2763E57600E4A04A /* PBXContainerItemProxy */ = {
			isa = PBXContainerItemProxy;
			containerPortal = C2191B292763E57500E4A04A /* Project object */;
			proxyType = 1;
			remoteGlobalIDString = C2191B302763E57500E4A04A;
			remoteInfo = PhotosApp;
		};
/* End PBXContainerItemProxy section */

/* Begin PBXFileReference section */
		1C42416032307705E477EF7A /* Pods_PhotosAppTests.framework */ = {isa = PBXFileReference; explicitFileType = wrapper.framework; includeInIndex = 0; path = Pods_PhotosAppTests.framework; sourceTree = BUILT_PRODUCTS_DIR; };
		54F8CF2B2B923D75748517DB /* Pods-PhotosApp.release.xcconfig */ = {isa = PBXFileReference; includeInIndex = 1; lastKnownFileType = text.xcconfig; name = "Pods-PhotosApp.release.xcconfig"; path = "Target Support Files/Pods-PhotosApp/Pods-PhotosApp.release.xcconfig"; sourceTree = "<group>"; };
		6EDFAEBB953DE769300912D3 /* Pods-PhotosAppTests.debug.xcconfig */ = {isa = PBXFileReference; includeInIndex = 1; lastKnownFileType = text.xcconfig; name = "Pods-PhotosAppTests.debug.xcconfig"; path = "Target Support Files/Pods-PhotosAppTests/Pods-PhotosAppTests.debug.xcconfig"; sourceTree = "<group>"; };
		76C9960504BB494EE8DD6872 /* Pods-PhotosAppTests.release.xcconfig */ = {isa = PBXFileReference; includeInIndex = 1; lastKnownFileType = text.xcconfig; name = "Pods-PhotosAppTests.release.xcconfig"; path = "Target Support Files/Pods-PhotosAppTests/Pods-PhotosAppTests.release.xcconfig"; sourceTree = "<group>"; };
		88BCADF7D93E2259CFAA8FC9 /* Pods_PhotosApp.framework */ = {isa = PBXFileReference; explicitFileType = wrapper.framework; includeInIndex = 0; path = Pods_PhotosApp.framework; sourceTree = BUILT_PRODUCTS_DIR; };
		B7887AF3DCDA837D24FD4789 /* Pods-PhotosApp.debug.xcconfig */ = {isa = PBXFileReference; includeInIndex = 1; lastKnownFileType = text.xcconfig; name = "Pods-PhotosApp.debug.xcconfig"; path = "Target Support Files/Pods-PhotosApp/Pods-PhotosApp.debug.xcconfig"; sourceTree = "<group>"; };
		C209CA4A2766813500E3C690 /* DetailsViewController.swift */ = {isa = PBXFileReference; lastKnownFileType = sourcecode.swift; path = DetailsViewController.swift; sourceTree = "<group>"; };
		C209CA4D27669CCB00E3C690 /* DetailsViewModel.swift */ = {isa = PBXFileReference; lastKnownFileType = sourcecode.swift; path = DetailsViewModel.swift; sourceTree = "<group>"; };
		C209CA4F27669D6C00E3C690 /* DetailsViewModelContract.swift */ = {isa = PBXFileReference; lastKnownFileType = sourcecode.swift; path = DetailsViewModelContract.swift; sourceTree = "<group>"; };
		C209CA512766A80C00E3C690 /* PaginationContract.swift */ = {isa = PBXFileReference; lastKnownFileType = sourcecode.swift; path = PaginationContract.swift; sourceTree = "<group>"; };
		C2191B312763E57500E4A04A /* PhotosApp.app */ = {isa = PBXFileReference; explicitFileType = wrapper.application; includeInIndex = 0; path = PhotosApp.app; sourceTree = BUILT_PRODUCTS_DIR; };
		C2191B342763E57500E4A04A /* AppDelegate.swift */ = {isa = PBXFileReference; lastKnownFileType = sourcecode.swift; path = AppDelegate.swift; sourceTree = "<group>"; };
		C2191B362763E57500E4A04A /* SceneDelegate.swift */ = {isa = PBXFileReference; lastKnownFileType = sourcecode.swift; path = SceneDelegate.swift; sourceTree = "<group>"; };
		C2191B382763E57500E4A04A /* PhotosViewController.swift */ = {isa = PBXFileReference; lastKnownFileType = sourcecode.swift; path = PhotosViewController.swift; sourceTree = "<group>"; };
		C2191B3B2763E57500E4A04A /* Base */ = {isa = PBXFileReference; lastKnownFileType = file.storyboard; name = Base; path = Base.lproj/Main.storyboard; sourceTree = "<group>"; };
		C2191B3E2763E57500E4A04A /* PhotosApp.xcdatamodel */ = {isa = PBXFileReference; lastKnownFileType = wrapper.xcdatamodel; path = PhotosApp.xcdatamodel; sourceTree = "<group>"; };
		C2191B402763E57600E4A04A /* Assets.xcassets */ = {isa = PBXFileReference; lastKnownFileType = folder.assetcatalog; path = Assets.xcassets; sourceTree = "<group>"; };
		C2191B432763E57600E4A04A /* Base */ = {isa = PBXFileReference; lastKnownFileType = file.storyboard; name = Base; path = Base.lproj/LaunchScreen.storyboard; sourceTree = "<group>"; };
		C2191B452763E57600E4A04A /* Info.plist */ = {isa = PBXFileReference; lastKnownFileType = text.plist.xml; path = Info.plist; sourceTree = "<group>"; };
		C2191B4A2763E57600E4A04A /* PhotosAppTests.xctest */ = {isa = PBXFileReference; explicitFileType = wrapper.cfbundle; includeInIndex = 0; path = PhotosAppTests.xctest; sourceTree = BUILT_PRODUCTS_DIR; };
		C2191B4E2763E57600E4A04A /* PhotosAppTests.swift */ = {isa = PBXFileReference; lastKnownFileType = sourcecode.swift; path = PhotosAppTests.swift; sourceTree = "<group>"; };
		C2191B502763E57600E4A04A /* Info.plist */ = {isa = PBXFileReference; lastKnownFileType = text.plist.xml; path = Info.plist; sourceTree = "<group>"; };
		C2191B662764009500E4A04A /* User.swift */ = {isa = PBXFileReference; lastKnownFileType = sourcecode.swift; path = User.swift; sourceTree = "<group>"; };
		C2191B68276401A900E4A04A /* UsersLocalDataSource.swift */ = {isa = PBXFileReference; lastKnownFileType = sourcecode.swift; path = UsersLocalDataSource.swift; sourceTree = "<group>"; };
		C2191B6A2764063300E4A04A /* Constants.swift */ = {isa = PBXFileReference; lastKnownFileType = sourcecode.swift; path = Constants.swift; sourceTree = "<group>"; };
		C2191B6D27641CDC00E4A04A /* RegisterViewController.swift */ = {isa = PBXFileReference; fileEncoding = 4; lastKnownFileType = sourcecode.swift; path = RegisterViewController.swift; sourceTree = "<group>"; };
		C2191B7027641D3E00E4A04A /* RegisterViewModel.swift */ = {isa = PBXFileReference; fileEncoding = 4; lastKnownFileType = sourcecode.swift; path = RegisterViewModel.swift; sourceTree = "<group>"; };
		C2191B75276420B500E4A04A /* BaseViewController.swift */ = {isa = PBXFileReference; lastKnownFileType = sourcecode.swift; path = BaseViewController.swift; sourceTree = "<group>"; };
		C2191B77276423CF00E4A04A /* RegisterViewModelContract.swift */ = {isa = PBXFileReference; lastKnownFileType = sourcecode.swift; path = RegisterViewModelContract.swift; sourceTree = "<group>"; };
		C2191B79276423FE00E4A04A /* BaseViewModelContract.swift */ = {isa = PBXFileReference; lastKnownFileType = sourcecode.swift; path = BaseViewModelContract.swift; sourceTree = "<group>"; };
		C2191B7B2764340300E4A04A /* Utils.swift */ = {isa = PBXFileReference; lastKnownFileType = sourcecode.swift; path = Utils.swift; sourceTree = "<group>"; };
		C2191B7F2764449800E4A04A /* LoginViewController.swift */ = {isa = PBXFileReference; fileEncoding = 4; lastKnownFileType = sourcecode.swift; path = LoginViewController.swift; sourceTree = "<group>"; };
		C2191B81276444B500E4A04A /* LoginViewModel.swift */ = {isa = PBXFileReference; fileEncoding = 4; lastKnownFileType = sourcecode.swift; path = LoginViewModel.swift; sourceTree = "<group>"; };
		C2191B832764477800E4A04A /* LoginViewModelContract.swift */ = {isa = PBXFileReference; lastKnownFileType = sourcecode.swift; path = LoginViewModelContract.swift; sourceTree = "<group>"; };
		C2191B852764514E00E4A04A /* LocalUserDefault.swift */ = {isa = PBXFileReference; lastKnownFileType = sourcecode.swift; path = LocalUserDefault.swift; sourceTree = "<group>"; };
		C2191B872764551D00E4A04A /* PhoneNumberVCDelegate.swift */ = {isa = PBXFileReference; lastKnownFileType = sourcecode.swift; path = PhoneNumberVCDelegate.swift; sourceTree = "<group>"; };
		C22F1D5C2764C4CC00B988C6 /* ApplicationNetworking.swift */ = {isa = PBXFileReference; fileEncoding = 4; lastKnownFileType = sourcecode.swift; path = ApplicationNetworking.swift; sourceTree = "<group>"; };
		C22F1D5D2764C4CC00B988C6 /* BaseAPI.swift */ = {isa = PBXFileReference; fileEncoding = 4; lastKnownFileType = sourcecode.swift; path = BaseAPI.swift; sourceTree = "<group>"; };
		C22F1D5E2764C4CC00B988C6 /* PhotosAPI.swift */ = {isa = PBXFileReference; fileEncoding = 4; lastKnownFileType = sourcecode.swift; path = PhotosAPI.swift; sourceTree = "<group>"; };
		C22F1D5F2764C4CC00B988C6 /* TargetType.swift */ = {isa = PBXFileReference; fileEncoding = 4; lastKnownFileType = sourcecode.swift; path = TargetType.swift; sourceTree = "<group>"; };
		C22F1D642764CB4F00B988C6 /* PhotosAPIContract.swift */ = {isa = PBXFileReference; lastKnownFileType = sourcecode.swift; path = PhotosAPIContract.swift; sourceTree = "<group>"; };
		C22F1D662764CC0D00B988C6 /* PhotoModelElement.swift */ = {isa = PBXFileReference; lastKnownFileType = sourcecode.swift; path = PhotoModelElement.swift; sourceTree = "<group>"; };
		C22F1D6C2764D7D400B988C6 /* PhotosViewModel.swift */ = {isa = PBXFileReference; lastKnownFileType = sourcecode.swift; path = PhotosViewModel.swift; sourceTree = "<group>"; };
		C22F1D6E2764D8A900B988C6 /* PhotoTableViewCell.swift */ = {isa = PBXFileReference; lastKnownFileType = sourcecode.swift; path = PhotoTableViewCell.swift; sourceTree = "<group>"; };
		C22F1D6F2764D8A900B988C6 /* PhotoTableViewCell.xib */ = {isa = PBXFileReference; lastKnownFileType = file.xib; path = PhotoTableViewCell.xib; sourceTree = "<group>"; };
		C22F1D732764DEDD00B988C6 /* PhotosViewModelContract.swift */ = {isa = PBXFileReference; lastKnownFileType = sourcecode.swift; path = PhotosViewModelContract.swift; sourceTree = "<group>"; };
		C22F1D7627655F5F00B988C6 /* PhotosLocalDataSource.swift */ = {isa = PBXFileReference; lastKnownFileType = sourcecode.swift; path = PhotosLocalDataSource.swift; sourceTree = "<group>"; };
		C22F1D782765638A00B988C6 /* PhotosRepository.swift */ = {isa = PBXFileReference; lastKnownFileType = sourcecode.swift; path = PhotosRepository.swift; sourceTree = "<group>"; };
		C22F1D7A27657F9200B988C6 /* PhotosRepositoryContract.swift */ = {isa = PBXFileReference; lastKnownFileType = sourcecode.swift; path = PhotosRepositoryContract.swift; sourceTree = "<group>"; };
/* End PBXFileReference section */

/* Begin PBXFrameworksBuildPhase section */
		C2191B2E2763E57500E4A04A /* Frameworks */ = {
			isa = PBXFrameworksBuildPhase;
			buildActionMask = 2147483647;
			files = (
				699B5B8CC10C909DF8937D49 /* Pods_PhotosApp.framework in Frameworks */,
			);
			runOnlyForDeploymentPostprocessing = 0;
		};
		C2191B472763E57600E4A04A /* Frameworks */ = {
			isa = PBXFrameworksBuildPhase;
			buildActionMask = 2147483647;
			files = (
				97E440DB1844761216C232BA /* Pods_PhotosAppTests.framework in Frameworks */,
			);
			runOnlyForDeploymentPostprocessing = 0;
		};
/* End PBXFrameworksBuildPhase section */

/* Begin PBXGroup section */
		5532369BA1CFEAA31FB4CC59 /* Frameworks */ = {
			isa = PBXGroup;
			children = (
				88BCADF7D93E2259CFAA8FC9 /* Pods_PhotosApp.framework */,
				1C42416032307705E477EF7A /* Pods_PhotosAppTests.framework */,
			);
			name = Frameworks;
			sourceTree = "<group>";
		};
		689A3A12469E8596F6641083 /* Pods */ = {
			isa = PBXGroup;
			children = (
				B7887AF3DCDA837D24FD4789 /* Pods-PhotosApp.debug.xcconfig */,
				54F8CF2B2B923D75748517DB /* Pods-PhotosApp.release.xcconfig */,
				6EDFAEBB953DE769300912D3 /* Pods-PhotosAppTests.debug.xcconfig */,
				76C9960504BB494EE8DD6872 /* Pods-PhotosAppTests.release.xcconfig */,
			);
			path = Pods;
			sourceTree = "<group>";
		};
		C209CA49276680CC00E3C690 /* DetailsScreen */ = {
			isa = PBXGroup;
			children = (
				C209CA4A2766813500E3C690 /* DetailsViewController.swift */,
			);
			path = DetailsScreen;
			sourceTree = "<group>";
		};
		C209CA4C27669CA200E3C690 /* DetailsScreenViewModel */ = {
			isa = PBXGroup;
			children = (
				C209CA4D27669CCB00E3C690 /* DetailsViewModel.swift */,
			);
			path = DetailsScreenViewModel;
			sourceTree = "<group>";
		};
		C2191B282763E57500E4A04A = {
			isa = PBXGroup;
			children = (
				C2191B332763E57500E4A04A /* PhotosApp */,
				C2191B4D2763E57600E4A04A /* PhotosAppTests */,
				C2191B322763E57500E4A04A /* Products */,
				689A3A12469E8596F6641083 /* Pods */,
				5532369BA1CFEAA31FB4CC59 /* Frameworks */,
			);
			sourceTree = "<group>";
		};
		C2191B322763E57500E4A04A /* Products */ = {
			isa = PBXGroup;
			children = (
				C2191B312763E57500E4A04A /* PhotosApp.app */,
				C2191B4A2763E57600E4A04A /* PhotosAppTests.xctest */,
			);
			name = Products;
			sourceTree = "<group>";
		};
		C2191B332763E57500E4A04A /* PhotosApp */ = {
			isa = PBXGroup;
			children = (
				C2191B652763EFB000E4A04A /* Repository */,
				C2191B5D2763EE1800E4A04A /* Model */,
				C2191B5E2763EE2300E4A04A /* View */,
				C2191B5F2763EE2A00E4A04A /* ViewModel */,
				C2191B592763EDA900E4A04A /* Utils */,
				C2191B342763E57500E4A04A /* AppDelegate.swift */,
				C2191B362763E57500E4A04A /* SceneDelegate.swift */,
				C2191B3D2763E57500E4A04A /* PhotosApp.xcdatamodeld */,
				C2191B402763E57600E4A04A /* Assets.xcassets */,
				C2191B422763E57600E4A04A /* LaunchScreen.storyboard */,
				C2191B452763E57600E4A04A /* Info.plist */,
			);
			path = PhotosApp;
			sourceTree = "<group>";
		};
		C2191B4D2763E57600E4A04A /* PhotosAppTests */ = {
			isa = PBXGroup;
			children = (
				C2191B4E2763E57600E4A04A /* PhotosAppTests.swift */,
				C2191B502763E57600E4A04A /* Info.plist */,
			);
			path = PhotosAppTests;
			sourceTree = "<group>";
		};
		C2191B592763EDA900E4A04A /* Utils */ = {
			isa = PBXGroup;
			children = (
				C2191B6A2764063300E4A04A /* Constants.swift */,
				C2191B7B2764340300E4A04A /* Utils.swift */,
			);
			path = Utils;
			sourceTree = "<group>";
		};
		C2191B5D2763EE1800E4A04A /* Model */ = {
			isa = PBXGroup;
			children = (
				C2191B642763EF5600E4A04A /* Contracts */,
				C2191B632763EF4D00E4A04A /* DTO */,
				C2191B622763EF3500E4A04A /* LocalDataSource */,
				C2191B612763EEC000E4A04A /* RemoteDataSource */,
			);
			path = Model;
			sourceTree = "<group>";
		};
		C2191B5E2763EE2300E4A04A /* View */ = {
			isa = PBXGroup;
			children = (
				C2191B3A2763E57500E4A04A /* Main.storyboard */,
				C209CA49276680CC00E3C690 /* DetailsScreen */,
				C2191B7E2764407500E4A04A /* LoginScreen */,
				C2191B742764209A00E4A04A /* BaseViewController */,
				C2191B6C27641CC300E4A04A /* RegisterScreen */,
				C22F1D6A2764D77300B988C6 /* PhotosScreen */,
			);
			path = View;
			sourceTree = "<group>";
		};
		C2191B5F2763EE2A00E4A04A /* ViewModel */ = {
			isa = PBXGroup;
			children = (
				C209CA4C27669CA200E3C690 /* DetailsScreenViewModel */,
				C22F1D6B2764D7A000B988C6 /* PhotosScreenViewModel */,
				C2191B7D2764405D00E4A04A /* LoginScreenViewModel */,
				C2191B6F27641D2700E4A04A /* RegisterScreenViewModel */,
			);
			path = ViewModel;
			sourceTree = "<group>";
		};
		C2191B612763EEC000E4A04A /* RemoteDataSource */ = {
			isa = PBXGroup;
			children = (
				C22F1D5C2764C4CC00B988C6 /* ApplicationNetworking.swift */,
				C22F1D5D2764C4CC00B988C6 /* BaseAPI.swift */,
				C22F1D5E2764C4CC00B988C6 /* PhotosAPI.swift */,
				C22F1D5F2764C4CC00B988C6 /* TargetType.swift */,
			);
			path = RemoteDataSource;
			sourceTree = "<group>";
		};
		C2191B622763EF3500E4A04A /* LocalDataSource */ = {
			isa = PBXGroup;
			children = (
				C2191B68276401A900E4A04A /* UsersLocalDataSource.swift */,
				C2191B852764514E00E4A04A /* LocalUserDefault.swift */,
				C22F1D7627655F5F00B988C6 /* PhotosLocalDataSource.swift */,
			);
			path = LocalDataSource;
			sourceTree = "<group>";
		};
		C2191B632763EF4D00E4A04A /* DTO */ = {
			isa = PBXGroup;
			children = (
				C2191B662764009500E4A04A /* User.swift */,
				C22F1D662764CC0D00B988C6 /* PhotoModelElement.swift */,
			);
			path = DTO;
			sourceTree = "<group>";
		};
		C2191B642763EF5600E4A04A /* Contracts */ = {
			isa = PBXGroup;
			children = (
				C2191B79276423FE00E4A04A /* BaseViewModelContract.swift */,
				C2191B77276423CF00E4A04A /* RegisterViewModelContract.swift */,
				C2191B832764477800E4A04A /* LoginViewModelContract.swift */,
				C2191B872764551D00E4A04A /* PhoneNumberVCDelegate.swift */,
				C22F1D642764CB4F00B988C6 /* PhotosAPIContract.swift */,
				C22F1D732764DEDD00B988C6 /* PhotosViewModelContract.swift */,
				C22F1D7A27657F9200B988C6 /* PhotosRepositoryContract.swift */,
				C209CA4F27669D6C00E3C690 /* DetailsViewModelContract.swift */,
				C209CA512766A80C00E3C690 /* PaginationContract.swift */,
			);
			path = Contracts;
			sourceTree = "<group>";
		};
		C2191B652763EFB000E4A04A /* Repository */ = {
			isa = PBXGroup;
			children = (
				C22F1D782765638A00B988C6 /* PhotosRepository.swift */,
			);
			path = Repository;
			sourceTree = "<group>";
		};
		C2191B6C27641CC300E4A04A /* RegisterScreen */ = {
			isa = PBXGroup;
			children = (
				C2191B6D27641CDC00E4A04A /* RegisterViewController.swift */,
			);
			path = RegisterScreen;
			sourceTree = "<group>";
		};
		C2191B6F27641D2700E4A04A /* RegisterScreenViewModel */ = {
			isa = PBXGroup;
			children = (
				C2191B7027641D3E00E4A04A /* RegisterViewModel.swift */,
			);
			path = RegisterScreenViewModel;
			sourceTree = "<group>";
		};
		C2191B742764209A00E4A04A /* BaseViewController */ = {
			isa = PBXGroup;
			children = (
				C2191B75276420B500E4A04A /* BaseViewController.swift */,
			);
			path = BaseViewController;
			sourceTree = "<group>";
		};
		C2191B7D2764405D00E4A04A /* LoginScreenViewModel */ = {
			isa = PBXGroup;
			children = (
				C2191B81276444B500E4A04A /* LoginViewModel.swift */,
			);
			path = LoginScreenViewModel;
			sourceTree = "<group>";
		};
		C2191B7E2764407500E4A04A /* LoginScreen */ = {
			isa = PBXGroup;
			children = (
				C2191B7F2764449800E4A04A /* LoginViewController.swift */,
			);
			path = LoginScreen;
			sourceTree = "<group>";
		};
		C22F1D6A2764D77300B988C6 /* PhotosScreen */ = {
			isa = PBXGroup;
			children = (
				C2191B382763E57500E4A04A /* PhotosViewController.swift */,
				C22F1D722764D8B000B988C6 /* PhotoCell */,
			);
			path = PhotosScreen;
			sourceTree = "<group>";
		};
		C22F1D6B2764D7A000B988C6 /* PhotosScreenViewModel */ = {
			isa = PBXGroup;
			children = (
				C22F1D6C2764D7D400B988C6 /* PhotosViewModel.swift */,
			);
			path = PhotosScreenViewModel;
			sourceTree = "<group>";
		};
		C22F1D722764D8B000B988C6 /* PhotoCell */ = {
			isa = PBXGroup;
			children = (
				C22F1D6E2764D8A900B988C6 /* PhotoTableViewCell.swift */,
				C22F1D6F2764D8A900B988C6 /* PhotoTableViewCell.xib */,
			);
			path = PhotoCell;
			sourceTree = "<group>";
		};
/* End PBXGroup section */

/* Begin PBXNativeTarget section */
		C2191B302763E57500E4A04A /* PhotosApp */ = {
			isa = PBXNativeTarget;
			buildConfigurationList = C2191B532763E57600E4A04A /* Build configuration list for PBXNativeTarget "PhotosApp" */;
			buildPhases = (
				58FFD41512B149ED2ED83C6F /* [CP] Check Pods Manifest.lock */,
				C2191B2D2763E57500E4A04A /* Sources */,
				C2191B2E2763E57500E4A04A /* Frameworks */,
				C2191B2F2763E57500E4A04A /* Resources */,
				84D6DE1D0561124A9B1CBBD6 /* [CP] Embed Pods Frameworks */,
			);
			buildRules = (
			);
			dependencies = (
			);
			name = PhotosApp;
			productName = PhotosApp;
			productReference = C2191B312763E57500E4A04A /* PhotosApp.app */;
			productType = "com.apple.product-type.application";
		};
		C2191B492763E57600E4A04A /* PhotosAppTests */ = {
			isa = PBXNativeTarget;
			buildConfigurationList = C2191B562763E57600E4A04A /* Build configuration list for PBXNativeTarget "PhotosAppTests" */;
			buildPhases = (
				FF705FE29B66DDB4D6FF7800 /* [CP] Check Pods Manifest.lock */,
				C2191B462763E57600E4A04A /* Sources */,
				C2191B472763E57600E4A04A /* Frameworks */,
				C2191B482763E57600E4A04A /* Resources */,
			);
			buildRules = (
			);
			dependencies = (
				C2191B4C2763E57600E4A04A /* PBXTargetDependency */,
			);
			name = PhotosAppTests;
			productName = PhotosAppTests;
			productReference = C2191B4A2763E57600E4A04A /* PhotosAppTests.xctest */;
			productType = "com.apple.product-type.bundle.unit-test";
		};
/* End PBXNativeTarget section */

/* Begin PBXProject section */
		C2191B292763E57500E4A04A /* Project object */ = {
			isa = PBXProject;
			attributes = {
				LastSwiftUpdateCheck = 1140;
				LastUpgradeCheck = 1140;
				ORGANIZATIONNAME = "Amr Muhammad";
				TargetAttributes = {
					C2191B302763E57500E4A04A = {
						CreatedOnToolsVersion = 11.4;
					};
					C2191B492763E57600E4A04A = {
						CreatedOnToolsVersion = 11.4;
						TestTargetID = C2191B302763E57500E4A04A;
					};
				};
			};
			buildConfigurationList = C2191B2C2763E57500E4A04A /* Build configuration list for PBXProject "PhotosApp" */;
			compatibilityVersion = "Xcode 9.3";
			developmentRegion = en;
			hasScannedForEncodings = 0;
			knownRegions = (
				en,
				Base,
			);
			mainGroup = C2191B282763E57500E4A04A;
			productRefGroup = C2191B322763E57500E4A04A /* Products */;
			projectDirPath = "";
			projectRoot = "";
			targets = (
				C2191B302763E57500E4A04A /* PhotosApp */,
				C2191B492763E57600E4A04A /* PhotosAppTests */,
			);
		};
/* End PBXProject section */

/* Begin PBXResourcesBuildPhase section */
		C2191B2F2763E57500E4A04A /* Resources */ = {
			isa = PBXResourcesBuildPhase;
			buildActionMask = 2147483647;
			files = (
				C22F1D712764D8A900B988C6 /* PhotoTableViewCell.xib in Resources */,
				C2191B442763E57600E4A04A /* LaunchScreen.storyboard in Resources */,
				C2191B412763E57600E4A04A /* Assets.xcassets in Resources */,
				C2191B3C2763E57500E4A04A /* Main.storyboard in Resources */,
			);
			runOnlyForDeploymentPostprocessing = 0;
		};
		C2191B482763E57600E4A04A /* Resources */ = {
			isa = PBXResourcesBuildPhase;
			buildActionMask = 2147483647;
			files = (
			);
			runOnlyForDeploymentPostprocessing = 0;
		};
/* End PBXResourcesBuildPhase section */

/* Begin PBXShellScriptBuildPhase section */
		58FFD41512B149ED2ED83C6F /* [CP] Check Pods Manifest.lock */ = {
			isa = PBXShellScriptBuildPhase;
			buildActionMask = 2147483647;
			files = (
			);
			inputFileListPaths = (
			);
			inputPaths = (
				"${PODS_PODFILE_DIR_PATH}/Podfile.lock",
				"${PODS_ROOT}/Manifest.lock",
			);
			name = "[CP] Check Pods Manifest.lock";
			outputFileListPaths = (
			);
			outputPaths = (
				"$(DERIVED_FILE_DIR)/Pods-PhotosApp-checkManifestLockResult.txt",
			);
			runOnlyForDeploymentPostprocessing = 0;
			shellPath = /bin/sh;
			shellScript = "diff \"${PODS_PODFILE_DIR_PATH}/Podfile.lock\" \"${PODS_ROOT}/Manifest.lock\" > /dev/null\nif [ $? != 0 ] ; then\n    # print error to STDERR\n    echo \"error: The sandbox is not in sync with the Podfile.lock. Run 'pod install' or update your CocoaPods installation.\" >&2\n    exit 1\nfi\n# This output is used by Xcode 'outputs' to avoid re-running this script phase.\necho \"SUCCESS\" > \"${SCRIPT_OUTPUT_FILE_0}\"\n";
			showEnvVarsInLog = 0;
		};
		84D6DE1D0561124A9B1CBBD6 /* [CP] Embed Pods Frameworks */ = {
			isa = PBXShellScriptBuildPhase;
			buildActionMask = 2147483647;
			files = (
			);
			inputFileListPaths = (
				"${PODS_ROOT}/Target Support Files/Pods-PhotosApp/Pods-PhotosApp-frameworks-${CONFIGURATION}-input-files.xcfilelist",
			);
			name = "[CP] Embed Pods Frameworks";
			outputFileListPaths = (
				"${PODS_ROOT}/Target Support Files/Pods-PhotosApp/Pods-PhotosApp-frameworks-${CONFIGURATION}-output-files.xcfilelist",
			);
			runOnlyForDeploymentPostprocessing = 0;
			shellPath = /bin/sh;
			shellScript = "\"${PODS_ROOT}/Target Support Files/Pods-PhotosApp/Pods-PhotosApp-frameworks.sh\"\n";
			showEnvVarsInLog = 0;
		};
		FF705FE29B66DDB4D6FF7800 /* [CP] Check Pods Manifest.lock */ = {
			isa = PBXShellScriptBuildPhase;
			buildActionMask = 2147483647;
			files = (
			);
			inputFileListPaths = (
			);
			inputPaths = (
				"${PODS_PODFILE_DIR_PATH}/Podfile.lock",
				"${PODS_ROOT}/Manifest.lock",
			);
			name = "[CP] Check Pods Manifest.lock";
			outputFileListPaths = (
			);
			outputPaths = (
				"$(DERIVED_FILE_DIR)/Pods-PhotosAppTests-checkManifestLockResult.txt",
			);
			runOnlyForDeploymentPostprocessing = 0;
			shellPath = /bin/sh;
			shellScript = "diff \"${PODS_PODFILE_DIR_PATH}/Podfile.lock\" \"${PODS_ROOT}/Manifest.lock\" > /dev/null\nif [ $? != 0 ] ; then\n    # print error to STDERR\n    echo \"error: The sandbox is not in sync with the Podfile.lock. Run 'pod install' or update your CocoaPods installation.\" >&2\n    exit 1\nfi\n# This output is used by Xcode 'outputs' to avoid re-running this script phase.\necho \"SUCCESS\" > \"${SCRIPT_OUTPUT_FILE_0}\"\n";
			showEnvVarsInLog = 0;
		};
/* End PBXShellScriptBuildPhase section */

/* Begin PBXSourcesBuildPhase section */
		C2191B2D2763E57500E4A04A /* Sources */ = {
			isa = PBXSourcesBuildPhase;
			buildActionMask = 2147483647;
			files = (
				C22F1D602764C4CC00B988C6 /* ApplicationNetworking.swift in Sources */,
				C2191B3F2763E57500E4A04A /* PhotosApp.xcdatamodeld in Sources */,
				C2191B392763E57500E4A04A /* PhotosViewController.swift in Sources */,
				C2191B352763E57500E4A04A /* AppDelegate.swift in Sources */,
				C2191B7A276423FE00E4A04A /* BaseViewModelContract.swift in Sources */,
				C2191B6E27641CDC00E4A04A /* RegisterViewController.swift in Sources */,
				C22F1D672764CC0D00B988C6 /* PhotoModelElement.swift in Sources */,
				C2191B7C2764340300E4A04A /* Utils.swift in Sources */,
				C2191B672764009500E4A04A /* User.swift in Sources */,
				C209CA4E27669CCB00E3C690 /* DetailsViewModel.swift in Sources */,
				C2191B78276423CF00E4A04A /* RegisterViewModelContract.swift in Sources */,
				C22F1D702764D8A900B988C6 /* PhotoTableViewCell.swift in Sources */,
				C22F1D612764C4CC00B988C6 /* BaseAPI.swift in Sources */,
				C22F1D792765638A00B988C6 /* PhotosRepository.swift in Sources */,
				C2191B76276420B500E4A04A /* BaseViewController.swift in Sources */,
				C2191B802764449800E4A04A /* LoginViewController.swift in Sources */,
				C2191B842764477800E4A04A /* LoginViewModelContract.swift in Sources */,
				C2191B82276444B500E4A04A /* LoginViewModel.swift in Sources */,
				C2191B6B2764063300E4A04A /* Constants.swift in Sources */,
				C22F1D7727655F5F00B988C6 /* PhotosLocalDataSource.swift in Sources */,
				C2191B372763E57500E4A04A /* SceneDelegate.swift in Sources */,
				C22F1D6D2764D7D400B988C6 /* PhotosViewModel.swift in Sources */,
				C22F1D652764CB4F00B988C6 /* PhotosAPIContract.swift in Sources */,
				C209CA4B2766813500E3C690 /* DetailsViewController.swift in Sources */,
				C2191B7127641D3E00E4A04A /* RegisterViewModel.swift in Sources */,
				C2191B882764551D00E4A04A /* PhoneNumberVCDelegate.swift in Sources */,
				C22F1D622764C4CC00B988C6 /* PhotosAPI.swift in Sources */,
				C2191B862764514E00E4A04A /* LocalUserDefault.swift in Sources */,
				C22F1D7B27657F9200B988C6 /* PhotosRepositoryContract.swift in Sources */,
				C209CA522766A80C00E3C690 /* PaginationContract.swift in Sources */,
				C22F1D632764C4CC00B988C6 /* TargetType.swift in Sources */,
				C22F1D742764DEDD00B988C6 /* PhotosViewModelContract.swift in Sources */,
				C2191B69276401A900E4A04A /* UsersLocalDataSource.swift in Sources */,
				C209CA5027669D6C00E3C690 /* DetailsViewModelContract.swift in Sources */,
			);
			runOnlyForDeploymentPostprocessing = 0;
		};
		C2191B462763E57600E4A04A /* Sources */ = {
			isa = PBXSourcesBuildPhase;
			buildActionMask = 2147483647;
			files = (
				C2191B4F2763E57600E4A04A /* PhotosAppTests.swift in Sources */,
			);
			runOnlyForDeploymentPostprocessing = 0;
		};
/* End PBXSourcesBuildPhase section */

/* Begin PBXTargetDependency section */
		C2191B4C2763E57600E4A04A /* PBXTargetDependency */ = {
			isa = PBXTargetDependency;
			target = C2191B302763E57500E4A04A /* PhotosApp */;
			targetProxy = C2191B4B2763E57600E4A04A /* PBXContainerItemProxy */;
		};
/* End PBXTargetDependency section */

/* Begin PBXVariantGroup section */
		C2191B3A2763E57500E4A04A /* Main.storyboard */ = {
			isa = PBXVariantGroup;
			children = (
				C2191B3B2763E57500E4A04A /* Base */,
			);
			name = Main.storyboard;
			sourceTree = "<group>";
		};
		C2191B422763E57600E4A04A /* LaunchScreen.storyboard */ = {
			isa = PBXVariantGroup;
			children = (
				C2191B432763E57600E4A04A /* Base */,
			);
			name = LaunchScreen.storyboard;
			sourceTree = "<group>";
		};
/* End PBXVariantGroup section */

/* Begin XCBuildConfiguration section */
		C2191B512763E57600E4A04A /* Debug */ = {
			isa = XCBuildConfiguration;
			buildSettings = {
				ALWAYS_SEARCH_USER_PATHS = NO;
				CLANG_ANALYZER_NONNULL = YES;
				CLANG_ANALYZER_NUMBER_OBJECT_CONVERSION = YES_AGGRESSIVE;
				CLANG_CXX_LANGUAGE_STANDARD = "gnu++14";
				CLANG_CXX_LIBRARY = "libc++";
				CLANG_ENABLE_MODULES = YES;
				CLANG_ENABLE_OBJC_ARC = YES;
				CLANG_ENABLE_OBJC_WEAK = YES;
				CLANG_WARN_BLOCK_CAPTURE_AUTORELEASING = YES;
				CLANG_WARN_BOOL_CONVERSION = YES;
				CLANG_WARN_COMMA = YES;
				CLANG_WARN_CONSTANT_CONVERSION = YES;
				CLANG_WARN_DEPRECATED_OBJC_IMPLEMENTATIONS = YES;
				CLANG_WARN_DIRECT_OBJC_ISA_USAGE = YES_ERROR;
				CLANG_WARN_DOCUMENTATION_COMMENTS = YES;
				CLANG_WARN_EMPTY_BODY = YES;
				CLANG_WARN_ENUM_CONVERSION = YES;
				CLANG_WARN_INFINITE_RECURSION = YES;
				CLANG_WARN_INT_CONVERSION = YES;
				CLANG_WARN_NON_LITERAL_NULL_CONVERSION = YES;
				CLANG_WARN_OBJC_IMPLICIT_RETAIN_SELF = YES;
				CLANG_WARN_OBJC_LITERAL_CONVERSION = YES;
				CLANG_WARN_OBJC_ROOT_CLASS = YES_ERROR;
				CLANG_WARN_RANGE_LOOP_ANALYSIS = YES;
				CLANG_WARN_STRICT_PROTOTYPES = YES;
				CLANG_WARN_SUSPICIOUS_MOVE = YES;
				CLANG_WARN_UNGUARDED_AVAILABILITY = YES_AGGRESSIVE;
				CLANG_WARN_UNREACHABLE_CODE = YES;
				CLANG_WARN__DUPLICATE_METHOD_MATCH = YES;
				COPY_PHASE_STRIP = NO;
				DEBUG_INFORMATION_FORMAT = dwarf;
				ENABLE_STRICT_OBJC_MSGSEND = YES;
				ENABLE_TESTABILITY = YES;
				GCC_C_LANGUAGE_STANDARD = gnu11;
				GCC_DYNAMIC_NO_PIC = NO;
				GCC_NO_COMMON_BLOCKS = YES;
				GCC_OPTIMIZATION_LEVEL = 0;
				GCC_PREPROCESSOR_DEFINITIONS = (
					"DEBUG=1",
					"$(inherited)",
				);
				GCC_WARN_64_TO_32_BIT_CONVERSION = YES;
				GCC_WARN_ABOUT_RETURN_TYPE = YES_ERROR;
				GCC_WARN_UNDECLARED_SELECTOR = YES;
				GCC_WARN_UNINITIALIZED_AUTOS = YES_AGGRESSIVE;
				GCC_WARN_UNUSED_FUNCTION = YES;
				GCC_WARN_UNUSED_VARIABLE = YES;
				IPHONEOS_DEPLOYMENT_TARGET = 13.4;
				MTL_ENABLE_DEBUG_INFO = INCLUDE_SOURCE;
				MTL_FAST_MATH = YES;
				ONLY_ACTIVE_ARCH = YES;
				SDKROOT = iphoneos;
				SWIFT_ACTIVE_COMPILATION_CONDITIONS = DEBUG;
				SWIFT_OPTIMIZATION_LEVEL = "-Onone";
			};
			name = Debug;
		};
		C2191B522763E57600E4A04A /* Release */ = {
			isa = XCBuildConfiguration;
			buildSettings = {
				ALWAYS_SEARCH_USER_PATHS = NO;
				CLANG_ANALYZER_NONNULL = YES;
				CLANG_ANALYZER_NUMBER_OBJECT_CONVERSION = YES_AGGRESSIVE;
				CLANG_CXX_LANGUAGE_STANDARD = "gnu++14";
				CLANG_CXX_LIBRARY = "libc++";
				CLANG_ENABLE_MODULES = YES;
				CLANG_ENABLE_OBJC_ARC = YES;
				CLANG_ENABLE_OBJC_WEAK = YES;
				CLANG_WARN_BLOCK_CAPTURE_AUTORELEASING = YES;
				CLANG_WARN_BOOL_CONVERSION = YES;
				CLANG_WARN_COMMA = YES;
				CLANG_WARN_CONSTANT_CONVERSION = YES;
				CLANG_WARN_DEPRECATED_OBJC_IMPLEMENTATIONS = YES;
				CLANG_WARN_DIRECT_OBJC_ISA_USAGE = YES_ERROR;
				CLANG_WARN_DOCUMENTATION_COMMENTS = YES;
				CLANG_WARN_EMPTY_BODY = YES;
				CLANG_WARN_ENUM_CONVERSION = YES;
				CLANG_WARN_INFINITE_RECURSION = YES;
				CLANG_WARN_INT_CONVERSION = YES;
				CLANG_WARN_NON_LITERAL_NULL_CONVERSION = YES;
				CLANG_WARN_OBJC_IMPLICIT_RETAIN_SELF = YES;
				CLANG_WARN_OBJC_LITERAL_CONVERSION = YES;
				CLANG_WARN_OBJC_ROOT_CLASS = YES_ERROR;
				CLANG_WARN_RANGE_LOOP_ANALYSIS = YES;
				CLANG_WARN_STRICT_PROTOTYPES = YES;
				CLANG_WARN_SUSPICIOUS_MOVE = YES;
				CLANG_WARN_UNGUARDED_AVAILABILITY = YES_AGGRESSIVE;
				CLANG_WARN_UNREACHABLE_CODE = YES;
				CLANG_WARN__DUPLICATE_METHOD_MATCH = YES;
				COPY_PHASE_STRIP = NO;
				DEBUG_INFORMATION_FORMAT = "dwarf-with-dsym";
				ENABLE_NS_ASSERTIONS = NO;
				ENABLE_STRICT_OBJC_MSGSEND = YES;
				GCC_C_LANGUAGE_STANDARD = gnu11;
				GCC_NO_COMMON_BLOCKS = YES;
				GCC_WARN_64_TO_32_BIT_CONVERSION = YES;
				GCC_WARN_ABOUT_RETURN_TYPE = YES_ERROR;
				GCC_WARN_UNDECLARED_SELECTOR = YES;
				GCC_WARN_UNINITIALIZED_AUTOS = YES_AGGRESSIVE;
				GCC_WARN_UNUSED_FUNCTION = YES;
				GCC_WARN_UNUSED_VARIABLE = YES;
				IPHONEOS_DEPLOYMENT_TARGET = 13.4;
				MTL_ENABLE_DEBUG_INFO = NO;
				MTL_FAST_MATH = YES;
				SDKROOT = iphoneos;
				SWIFT_COMPILATION_MODE = wholemodule;
				SWIFT_OPTIMIZATION_LEVEL = "-O";
				VALIDATE_PRODUCT = YES;
			};
			name = Release;
		};
		C2191B542763E57600E4A04A /* Debug */ = {
			isa = XCBuildConfiguration;
			baseConfigurationReference = B7887AF3DCDA837D24FD4789 /* Pods-PhotosApp.debug.xcconfig */;
			buildSettings = {
				ASSETCATALOG_COMPILER_APPICON_NAME = AppIcon;
				CODE_SIGN_STYLE = Automatic;
				INFOPLIST_FILE = PhotosApp/Info.plist;
				LD_RUNPATH_SEARCH_PATHS = (
					"$(inherited)",
					"@executable_path/Frameworks",
				);
				PRODUCT_BUNDLE_IDENTIFIER = amroMuhammad.PhotosApp;
				PRODUCT_NAME = "$(TARGET_NAME)";
				SWIFT_VERSION = 5.0;
				TARGETED_DEVICE_FAMILY = "1,2";
			};
			name = Debug;
		};
		C2191B552763E57600E4A04A /* Release */ = {
			isa = XCBuildConfiguration;
			baseConfigurationReference = 54F8CF2B2B923D75748517DB /* Pods-PhotosApp.release.xcconfig */;
			buildSettings = {
				ASSETCATALOG_COMPILER_APPICON_NAME = AppIcon;
				CODE_SIGN_STYLE = Automatic;
				INFOPLIST_FILE = PhotosApp/Info.plist;
				LD_RUNPATH_SEARCH_PATHS = (
					"$(inherited)",
					"@executable_path/Frameworks",
				);
				PRODUCT_BUNDLE_IDENTIFIER = amroMuhammad.PhotosApp;
				PRODUCT_NAME = "$(TARGET_NAME)";
				SWIFT_VERSION = 5.0;
				TARGETED_DEVICE_FAMILY = "1,2";
			};
			name = Release;
		};
		C2191B572763E57600E4A04A /* Debug */ = {
			isa = XCBuildConfiguration;
			baseConfigurationReference = 6EDFAEBB953DE769300912D3 /* Pods-PhotosAppTests.debug.xcconfig */;
			buildSettings = {
				ALWAYS_EMBED_SWIFT_STANDARD_LIBRARIES = YES;
				BUNDLE_LOADER = "$(TEST_HOST)";
				CODE_SIGN_STYLE = Automatic;
				INFOPLIST_FILE = PhotosAppTests/Info.plist;
				IPHONEOS_DEPLOYMENT_TARGET = 13.4;
				LD_RUNPATH_SEARCH_PATHS = (
					"$(inherited)",
					"@executable_path/Frameworks",
					"@loader_path/Frameworks",
				);
				PRODUCT_BUNDLE_IDENTIFIER = amroMuhammad.PhotosAppTests;
				PRODUCT_NAME = "$(TARGET_NAME)";
				SWIFT_VERSION = 5.0;
				TARGETED_DEVICE_FAMILY = "1,2";
				TEST_HOST = "$(BUILT_PRODUCTS_DIR)/PhotosApp.app/PhotosApp";
			};
			name = Debug;
		};
		C2191B582763E57600E4A04A /* Release */ = {
			isa = XCBuildConfiguration;
			baseConfigurationReference = 76C9960504BB494EE8DD6872 /* Pods-PhotosAppTests.release.xcconfig */;
			buildSettings = {
				ALWAYS_EMBED_SWIFT_STANDARD_LIBRARIES = YES;
				BUNDLE_LOADER = "$(TEST_HOST)";
				CODE_SIGN_STYLE = Automatic;
				INFOPLIST_FILE = PhotosAppTests/Info.plist;
				IPHONEOS_DEPLOYMENT_TARGET = 13.4;
				LD_RUNPATH_SEARCH_PATHS = (
					"$(inherited)",
					"@executable_path/Frameworks",
					"@loader_path/Frameworks",
				);
				PRODUCT_BUNDLE_IDENTIFIER = amroMuhammad.PhotosAppTests;
				PRODUCT_NAME = "$(TARGET_NAME)";
				SWIFT_VERSION = 5.0;
				TARGETED_DEVICE_FAMILY = "1,2";
				TEST_HOST = "$(BUILT_PRODUCTS_DIR)/PhotosApp.app/PhotosApp";
			};
			name = Release;
		};
/* End XCBuildConfiguration section */

/* Begin XCConfigurationList section */
		C2191B2C2763E57500E4A04A /* Build configuration list for PBXProject "PhotosApp" */ = {
			isa = XCConfigurationList;
			buildConfigurations = (
				C2191B512763E57600E4A04A /* Debug */,
				C2191B522763E57600E4A04A /* Release */,
			);
			defaultConfigurationIsVisible = 0;
			defaultConfigurationName = Release;
		};
		C2191B532763E57600E4A04A /* Build configuration list for PBXNativeTarget "PhotosApp" */ = {
			isa = XCConfigurationList;
			buildConfigurations = (
				C2191B542763E57600E4A04A /* Debug */,
				C2191B552763E57600E4A04A /* Release */,
			);
			defaultConfigurationIsVisible = 0;
			defaultConfigurationName = Release;
		};
		C2191B562763E57600E4A04A /* Build configuration list for PBXNativeTarget "PhotosAppTests" */ = {
			isa = XCConfigurationList;
			buildConfigurations = (
				C2191B572763E57600E4A04A /* Debug */,
				C2191B582763E57600E4A04A /* Release */,
			);
			defaultConfigurationIsVisible = 0;
			defaultConfigurationName = Release;
		};
/* End XCConfigurationList section */

/* Begin XCVersionGroup section */
		C2191B3D2763E57500E4A04A /* PhotosApp.xcdatamodeld */ = {
			isa = XCVersionGroup;
			children = (
				C2191B3E2763E57500E4A04A /* PhotosApp.xcdatamodel */,
			);
			currentVersion = C2191B3E2763E57500E4A04A /* PhotosApp.xcdatamodel */;
			path = PhotosApp.xcdatamodeld;
			sourceTree = "<group>";
			versionGroupType = wrapper.xcdatamodel;
		};
/* End XCVersionGroup section */
	};
	rootObject = C2191B292763E57500E4A04A /* Project object */;
}
